
Microsoft Visual Studio Solution File, Format Version 12.00
# Visual Studio Version 17
VisualStudioVersion = 17.9.34714.143
MinimumVisualStudioVersion = 10.0.40219.1
Project("{FAE04EC0-301F-11D3-BF4B-00C04F79EFBC}") = "ChessWPF", "ChessWPF\ChessWPF.csproj", "{13897874-6B2A-46F0-9459-2B8850D9B322}"
EndProject
Global
	GlobalSection(SolutionConfigurationPlatforms) = preSolution
		Debug|Any CPU = Debug|Any CPU
		Release|Any CPU = Release|Any CPU
	EndGlobalSection
	GlobalSection(ProjectConfigurationPlatforms) = postSolution
		{13897874-6B2A-46F0-9459-2B8850D9B322}.Debug|Any CPU.ActiveCfg = Debug|Any CPU
		{13897874-6B2A-46F0-9459-2B8850D9B322}.Debug|Any CPU.Build.0 = Debug|Any CPU
		{13897874-6B2A-46F0-9459-2B8850D9B322}.Release|Any CPU.ActiveCfg = Release|Any CPU
		{13897874-6B2A-46F0-9459-2B8850D9B322}.Release|Any CPU.Build.0 = Release|Any CPU
	EndGlobalSection
	GlobalSection(SolutionProperties) = preSolution
		HideSolutionNode = FALSE
	EndGlobalSection
	GlobalSection(ExtensibilityGlobals) = postSolution
		SolutionGuid = {D2D35F48-6B91-4B71-AF8E-FC4C77AEB74B}
	EndGlobalSection
EndGlobal
